// !$*UTF8*$!
{
	archiveVersion = 1;
	classes = {
	};
	objectVersion = 55;
	objects = {

/* Begin PBXBuildFile section */
		C76D0C9A2813CDB400A74720 /* PracticeDelegate.storyboard in Resources */ = {isa = PBXBuildFile; fileRef = C76D0C992813CDB400A74720 /* PracticeDelegate.storyboard */; };
		C76D0C9C2813CDC000A74720 /* PracticeDelegateVC.swift in Sources */ = {isa = PBXBuildFile; fileRef = C76D0C9B2813CDC000A74720 /* PracticeDelegateVC.swift */; };
		C76D0C9E2813D7B000A74720 /* TargetVC.swift in Sources */ = {isa = PBXBuildFile; fileRef = C76D0C9D2813D7B000A74720 /* TargetVC.swift */; };
		C76F02832813C60E00096654 /* AppDelegate.swift in Sources */ = {isa = PBXBuildFile; fileRef = C76F02822813C60E00096654 /* AppDelegate.swift */; };
		C76F02852813C60E00096654 /* SceneDelegate.swift in Sources */ = {isa = PBXBuildFile; fileRef = C76F02842813C60E00096654 /* SceneDelegate.swift */; };
		C76F02872813C60E00096654 /* ViewController.swift in Sources */ = {isa = PBXBuildFile; fileRef = C76F02862813C60E00096654 /* ViewController.swift */; };
		C76F028A2813C60E00096654 /* Main.storyboard in Resources */ = {isa = PBXBuildFile; fileRef = C76F02882813C60E00096654 /* Main.storyboard */; };
		C76F028C2813C60F00096654 /* Assets.xcassets in Resources */ = {isa = PBXBuildFile; fileRef = C76F028B2813C60F00096654 /* Assets.xcassets */; };
		C76F028F2813C60F00096654 /* LaunchScreen.storyboard in Resources */ = {isa = PBXBuildFile; fileRef = C76F028D2813C60F00096654 /* LaunchScreen.storyboard */; };
/* End PBXBuildFile section */

/* Begin PBXFileReference section */
		C76D0C992813CDB400A74720 /* PracticeDelegate.storyboard */ = {isa = PBXFileReference; lastKnownFileType = file.storyboard; path = PracticeDelegate.storyboard; sourceTree = "<group>"; };
		C76D0C9B2813CDC000A74720 /* PracticeDelegateVC.swift */ = {isa = PBXFileReference; lastKnownFileType = sourcecode.swift; path = PracticeDelegateVC.swift; sourceTree = "<group>"; };
		C76D0C9D2813D7B000A74720 /* TargetVC.swift */ = {isa = PBXFileReference; lastKnownFileType = sourcecode.swift; path = TargetVC.swift; sourceTree = "<group>"; };
		C76F027F2813C60E00096654 /* week-3-seminar.app */ = {isa = PBXFileReference; explicitFileType = wrapper.application; includeInIndex = 0; path = "week-3-seminar.app"; sourceTree = BUILT_PRODUCTS_DIR; };
		C76F02822813C60E00096654 /* AppDelegate.swift */ = {isa = PBXFileReference; lastKnownFileType = sourcecode.swift; path = AppDelegate.swift; sourceTree = "<group>"; };
		C76F02842813C60E00096654 /* SceneDelegate.swift */ = {isa = PBXFileReference; lastKnownFileType = sourcecode.swift; path = SceneDelegate.swift; sourceTree = "<group>"; };
		C76F02862813C60E00096654 /* ViewController.swift */ = {isa = PBXFileReference; lastKnownFileType = sourcecode.swift; path = ViewController.swift; sourceTree = "<group>"; };
		C76F02892813C60E00096654 /* Base */ = {isa = PBXFileReference; lastKnownFileType = file.storyboard; name = Base; path = Base.lproj/Main.storyboard; sourceTree = "<group>"; };
		C76F028B2813C60F00096654 /* Assets.xcassets */ = {isa = PBXFileReference; lastKnownFileType = folder.assetcatalog; path = Assets.xcassets; sourceTree = "<group>"; };
		C76F028E2813C60F00096654 /* Base */ = {isa = PBXFileReference; lastKnownFileType = file.storyboard; name = Base; path = Base.lproj/LaunchScreen.storyboard; sourceTree = "<group>"; };
		C76F02902813C60F00096654 /* Info.plist */ = {isa = PBXFileReference; lastKnownFileType = text.plist.xml; path = Info.plist; sourceTree = "<group>"; };
/* End PBXFileReference section */

/* Begin PBXFrameworksBuildPhase section */
		C76F027C2813C60E00096654 /* Frameworks */ = {
			isa = PBXFrameworksBuildPhase;
			buildActionMask = 2147483647;
			files = (
			);
			runOnlyForDeploymentPostprocessing = 0;
		};
/* End PBXFrameworksBuildPhase section */

/* Begin PBXGroup section */
		C76D0C982813CD9700A74720 /* Delegate */ = {
			isa = PBXGroup;
			children = (
				C76D0C992813CDB400A74720 /* PracticeDelegate.storyboard */,
				C76D0C9B2813CDC000A74720 /* PracticeDelegateVC.swift */,
				C76D0C9D2813D7B000A74720 /* TargetVC.swift */,
			);
			path = Delegate;
			sourceTree = "<group>";
		};
		C76F02762813C60E00096654 = {
			isa = PBXGroup;
			children = (
				C76F02812813C60E00096654 /* week-3-seminar */,
				C76F02802813C60E00096654 /* Products */,
			);
			sourceTree = "<group>";
		};
		C76F02802813C60E00096654 /* Products */ = {
			isa = PBXGroup;
			children = (
				C76F027F2813C60E00096654 /* week-3-seminar.app */,
			);
			name = Products;
			sourceTree = "<group>";
		};
		C76F02812813C60E00096654 /* week-3-seminar */ = {
			isa = PBXGroup;
			children = (
				C76D0C982813CD9700A74720 /* Delegate */,
				C76F02822813C60E00096654 /* AppDelegate.swift */,
				C76F02842813C60E00096654 /* SceneDelegate.swift */,
				C76F02862813C60E00096654 /* ViewController.swift */,
				C76F02882813C60E00096654 /* Main.storyboard */,
				C76F028B2813C60F00096654 /* Assets.xcassets */,
				C76F028D2813C60F00096654 /* LaunchScreen.storyboard */,
				C76F02902813C60F00096654 /* Info.plist */,
			);
			path = "week-3-seminar";
			sourceTree = "<group>";
		};
/* End PBXGroup section */

/* Begin PBXNativeTarget section */
		C76F027E2813C60E00096654 /* week-3-seminar */ = {
			isa = PBXNativeTarget;
			buildConfigurationList = C76F02932813C60F00096654 /* Build configuration list for PBXNativeTarget "week-3-seminar" */;
			buildPhases = (
				C76F027B2813C60E00096654 /* Sources */,
				C76F027C2813C60E00096654 /* Frameworks */,
				C76F027D2813C60E00096654 /* Resources */,
			);
			buildRules = (
			);
			dependencies = (
			);
			name = "week-3-seminar";
			productName = "week-3-seminar";
			productReference = C76F027F2813C60E00096654 /* week-3-seminar.app */;
			productType = "com.apple.product-type.application";
		};
/* End PBXNativeTarget section */

/* Begin PBXProject section */
		C76F02772813C60E00096654 /* Project object */ = {
			isa = PBXProject;
			attributes = {
				BuildIndependentTargetsInParallel = 1;
				LastSwiftUpdateCheck = 1330;
				LastUpgradeCheck = 1330;
				TargetAttributes = {
					C76F027E2813C60E00096654 = {
						CreatedOnToolsVersion = 13.3.1;
					};
				};
			};
			buildConfigurationList = C76F027A2813C60E00096654 /* Build configuration list for PBXProject "week-3-seminar" */;
			compatibilityVersion = "Xcode 13.0";
			developmentRegion = en;
			hasScannedForEncodings = 0;
			knownRegions = (
				en,
				Base,
			);
			mainGroup = C76F02762813C60E00096654;
			productRefGroup = C76F02802813C60E00096654 /* Products */;
			projectDirPath = "";
			projectRoot = "";
			targets = (
				C76F027E2813C60E00096654 /* week-3-seminar */,
			);
		};
/* End PBXProject section */

/* Begin PBXResourcesBuildPhase section */
		C76F027D2813C60E00096654 /* Resources */ = {
			isa = PBXResourcesBuildPhase;
			buildActionMask = 2147483647;
			files = (
				C76D0C9A2813CDB400A74720 /* PracticeDelegate.storyboard in Resources */,
				C76F028F2813C60F00096654 /* LaunchScreen.storyboard in Resources */,
				C76F028C2813C60F00096654 /* Assets.xcassets in Resources */,
				C76F028A2813C60E00096654 /* Main.storyboard in Resources */,
			);
			runOnlyForDeploymentPostprocessing = 0;
		};
/* End PBXResourcesBuildPhase section */

/* Begin PBXSourcesBuildPhase section */
		C76F027B2813C60E00096654 /* Sources */ = {
			isa = PBXSourcesBuildPhase;
			buildActionMask = 2147483647;
			files = (
				C76F02872813C60E00096654 /* ViewController.swift in Sources */,
				C76F02832813C60E00096654 /* AppDelegate.swift in Sources */,
				C76D0C9C2813CDC000A74720 /* PracticeDelegateVC.swift in Sources */,
				C76F02852813C60E00096654 /* SceneDelegate.swift in Sources */,
				C76D0C9E2813D7B000A74720 /* TargetVC.swift in Sources */,
			);
			runOnlyForDeploymentPostprocessing = 0;
		};
/* End PBXSourcesBuildPhase section */

/* Begin PBXVariantGroup section */
		C76F02882813C60E00096654 /* Main.storyboard */ = {
			isa = PBXVariantGroup;
			children = (
				C76F02892813C60E00096654 /* Base */,
			);
			name = Main.storyboard;
			sourceTree = "<group>";
		};
		C76F028D2813C60F00096654 /* LaunchScreen.storyboard */ = {
			isa = PBXVariantGroup;
			children = (
				C76F028E2813C60F00096654 /* Base */,
			);
			name = LaunchScreen.storyboard;
			sourceTree = "<group>";
		};
/* End PBXVariantGroup section */

/* Begin XCBuildConfiguration section */
		C76F02912813C60F00096654 /* Debug */ = {
			isa = XCBuildConfiguration;
			buildSettings = {
				ALWAYS_SEARCH_USER_PATHS = NO;
				CLANG_ANALYZER_NONNULL = YES;
				CLANG_ANALYZER_NUMBER_OBJECT_CONVERSION = YES_AGGRESSIVE;
				CLANG_CXX_LANGUAGE_STANDARD = "gnu++17";
				CLANG_ENABLE_MODULES = YES;
				CLANG_ENABLE_OBJC_ARC = YES;
				CLANG_ENABLE_OBJC_WEAK = YES;
				CLANG_WARN_BLOCK_CAPTURE_AUTORELEASING = YES;
				CLANG_WARN_BOOL_CONVERSION = YES;
				CLANG_WARN_COMMA = YES;
				CLANG_WARN_CONSTANT_CONVERSION = YES;
				CLANG_WARN_DEPRECATED_OBJC_IMPLEMENTATIONS = YES;
				CLANG_WARN_DIRECT_OBJC_ISA_USAGE = YES_ERROR;
				CLANG_WARN_DOCUMENTATION_COMMENTS = YES;
				CLANG_WARN_EMPTY_BODY = YES;
				CLANG_WARN_ENUM_CONVERSION = YES;
				CLANG_WARN_INFINITE_RECURSION = YES;
				CLANG_WARN_INT_CONVERSION = YES;
				CLANG_WARN_NON_LITERAL_NULL_CONVERSION = YES;
				CLANG_WARN_OBJC_IMPLICIT_RETAIN_SELF = YES;
				CLANG_WARN_OBJC_LITERAL_CONVERSION = YES;
				CLANG_WARN_OBJC_ROOT_CLASS = YES_ERROR;
				CLANG_WARN_QUOTED_INCLUDE_IN_FRAMEWORK_HEADER = YES;
				CLANG_WARN_RANGE_LOOP_ANALYSIS = YES;
				CLANG_WARN_STRICT_PROTOTYPES = YES;
				CLANG_WARN_SUSPICIOUS_MOVE = YES;
				CLANG_WARN_UNGUARDED_AVAILABILITY = YES_AGGRESSIVE;
				CLANG_WARN_UNREACHABLE_CODE = YES;
				CLANG_WARN__DUPLICATE_METHOD_MATCH = YES;
				COPY_PHASE_STRIP = NO;
				DEBUG_INFORMATION_FORMAT = dwarf;
				ENABLE_STRICT_OBJC_MSGSEND = YES;
				ENABLE_TESTABILITY = YES;
				GCC_C_LANGUAGE_STANDARD = gnu11;
				GCC_DYNAMIC_NO_PIC = NO;
				GCC_NO_COMMON_BLOCKS = YES;
				GCC_OPTIMIZATION_LEVEL = 0;
				GCC_PREPROCESSOR_DEFINITIONS = (
					"DEBUG=1",
					"$(inherited)",
				);
				GCC_WARN_64_TO_32_BIT_CONVERSION = YES;
				GCC_WARN_ABOUT_RETURN_TYPE = YES_ERROR;
				GCC_WARN_UNDECLARED_SELECTOR = YES;
				GCC_WARN_UNINITIALIZED_AUTOS = YES_AGGRESSIVE;
				GCC_WARN_UNUSED_FUNCTION = YES;
				GCC_WARN_UNUSED_VARIABLE = YES;
				IPHONEOS_DEPLOYMENT_TARGET = 15.4;
				MTL_ENABLE_DEBUG_INFO = INCLUDE_SOURCE;
				MTL_FAST_MATH = YES;
				ONLY_ACTIVE_ARCH = YES;
				SDKROOT = iphoneos;
				SWIFT_ACTIVE_COMPILATION_CONDITIONS = DEBUG;
				SWIFT_OPTIMIZATION_LEVEL = "-Onone";
			};
			name = Debug;
		};
		C76F02922813C60F00096654 /* Release */ = {
			isa = XCBuildConfiguration;
			buildSettings = {
				ALWAYS_SEARCH_USER_PATHS = NO;
				CLANG_ANALYZER_NONNULL = YES;
				CLANG_ANALYZER_NUMBER_OBJECT_CONVERSION = YES_AGGRESSIVE;
				CLANG_CXX_LANGUAGE_STANDARD = "gnu++17";
				CLANG_ENABLE_MODULES = YES;
				CLANG_ENABLE_OBJC_ARC = YES;
				CLANG_ENABLE_OBJC_WEAK = YES;
				CLANG_WARN_BLOCK_CAPTURE_AUTORELEASING = YES;
				CLANG_WARN_BOOL_CONVERSION = YES;
				CLANG_WARN_COMMA = YES;
				CLANG_WARN_CONSTANT_CONVERSION = YES;
				CLANG_WARN_DEPRECATED_OBJC_IMPLEMENTATIONS = YES;
				CLANG_WARN_DIRECT_OBJC_ISA_USAGE = YES_ERROR;
				CLANG_WARN_DOCUMENTATION_COMMENTS = YES;
				CLANG_WARN_EMPTY_BODY = YES;
				CLANG_WARN_ENUM_CONVERSION = YES;
				CLANG_WARN_INFINITE_RECURSION = YES;
				CLANG_WARN_INT_CONVERSION = YES;
				CLANG_WARN_NON_LITERAL_NULL_CONVERSION = YES;
				CLANG_WARN_OBJC_IMPLICIT_RETAIN_SELF = YES;
				CLANG_WARN_OBJC_LITERAL_CONVERSION = YES;
				CLANG_WARN_OBJC_ROOT_CLASS = YES_ERROR;
				CLANG_WARN_QUOTED_INCLUDE_IN_FRAMEWORK_HEADER = YES;
				CLANG_WARN_RANGE_LOOP_ANALYSIS = YES;
				CLANG_WARN_STRICT_PROTOTYPES = YES;
				CLANG_WARN_SUSPICIOUS_MOVE = YES;
				CLANG_WARN_UNGUARDED_AVAILABILITY = YES_AGGRESSIVE;
				CLANG_WARN_UNREACHABLE_CODE = YES;
				CLANG_WARN__DUPLICATE_METHOD_MATCH = YES;
				COPY_PHASE_STRIP = NO;
				DEBUG_INFORMATION_FORMAT = "dwarf-with-dsym";
				ENABLE_NS_ASSERTIONS = NO;
				ENABLE_STRICT_OBJC_MSGSEND = YES;
				GCC_C_LANGUAGE_STANDARD = gnu11;
				GCC_NO_COMMON_BLOCKS = YES;
				GCC_WARN_64_TO_32_BIT_CONVERSION = YES;
				GCC_WARN_ABOUT_RETURN_TYPE = YES_ERROR;
				GCC_WARN_UNDECLARED_SELECTOR = YES;
				GCC_WARN_UNINITIALIZED_AUTOS = YES_AGGRESSIVE;
				GCC_WARN_UNUSED_FUNCTION = YES;
				GCC_WARN_UNUSED_VARIABLE = YES;
				IPHONEOS_DEPLOYMENT_TARGET = 15.4;
				MTL_ENABLE_DEBUG_INFO = NO;
				MTL_FAST_MATH = YES;
				SDKROOT = iphoneos;
				SWIFT_COMPILATION_MODE = wholemodule;
				SWIFT_OPTIMIZATION_LEVEL = "-O";
				VALIDATE_PRODUCT = YES;
			};
			name = Release;
		};
		C76F02942813C60F00096654 /* Debug */ = {
			isa = XCBuildConfiguration;
			buildSettings = {
				ASSETCATALOG_COMPILER_APPICON_NAME = AppIcon;
				ASSETCATALOG_COMPILER_GLOBAL_ACCENT_COLOR_NAME = AccentColor;
				CODE_SIGN_STYLE = Automatic;
				CURRENT_PROJECT_VERSION = 1;
				DEVELOPMENT_TEAM = N4RT4KGQK9;
				GENERATE_INFOPLIST_FILE = YES;
				INFOPLIST_FILE = "week-3-seminar/Info.plist";
				INFOPLIST_KEY_UIApplicationSupportsIndirectInputEvents = YES;
				INFOPLIST_KEY_UILaunchStoryboardName = LaunchScreen;
				INFOPLIST_KEY_UIMainStoryboardFile = Main;
				INFOPLIST_KEY_UISupportedInterfaceOrientations_iPad = "UIInterfaceOrientationPortrait UIInterfaceOrientationPortraitUpsideDown UIInterfaceOrientationLandscapeLeft UIInterfaceOrientationLandscapeRight";
				INFOPLIST_KEY_UISupportedInterfaceOrientations_iPhone = "UIInterfaceOrientationPortrait UIInterfaceOrientationLandscapeLeft UIInterfaceOrientationLandscapeRight";
				LD_RUNPATH_SEARCH_PATHS = (
					"$(inherited)",
					"@executable_path/Frameworks",
				);
				MARKETING_VERSION = 1.0;
				PRODUCT_BUNDLE_IDENTIFIER = "madilyn.week-3-seminar";
				PRODUCT_NAME = "$(TARGET_NAME)";
				SWIFT_EMIT_LOC_STRINGS = YES;
				SWIFT_VERSION = 5.0;
				TARGETED_DEVICE_FAMILY = "1,2";
			};
			name = Debug;
		};
		C76F02952813C60F00096654 /* Release */ = {
			isa = XCBuildConfiguration;
			buildSettings = {
				ASSETCATALOG_COMPILER_APPICON_NAME = AppIcon;
				ASSETCATALOG_COMPILER_GLOBAL_ACCENT_COLOR_NAME = AccentColor;
				CODE_SIGN_STYLE = Automatic;
				CURRENT_PROJECT_VERSION = 1;
				DEVELOPMENT_TEAM = N4RT4KGQK9;
				GENERATE_INFOPLIST_FILE = YES;
				INFOPLIST_FILE = "week-3-seminar/Info.plist";
				INFOPLIST_KEY_UIApplicationSupportsIndirectInputEvents = YES;
				INFOPLIST_KEY_UILaunchStoryboardName = LaunchScreen;
				INFOPLIST_KEY_UIMainStoryboardFile = Main;
				INFOPLIST_KEY_UISupportedInterfaceOrientations_iPad = "UIInterfaceOrientationPortrait UIInterfaceOrientationPortraitUpsideDown UIInterfaceOrientationLandscapeLeft UIInterfaceOrientationLandscapeRight";
				INFOPLIST_KEY_UISupportedInterfaceOrientations_iPhone = "UIInterfaceOrientationPortrait UIInterfaceOrientationLandscapeLeft UIInterfaceOrientationLandscapeRight";
				LD_RUNPATH_SEARCH_PATHS = (
					"$(inherited)",
					"@executable_path/Frameworks",
				);
				MARKETING_VERSION = 1.0;
				PRODUCT_BUNDLE_IDENTIFIER = "madilyn.week-3-seminar";
				PRODUCT_NAME = "$(TARGET_NAME)";
				SWIFT_EMIT_LOC_STRINGS = YES;
				SWIFT_VERSION = 5.0;
				TARGETED_DEVICE_FAMILY = "1,2";
			};
			name = Release;
		};
/* End XCBuildConfiguration section */

/* Begin XCConfigurationList section */
		C76F027A2813C60E00096654 /* Build configuration list for PBXProject "week-3-seminar" */ = {
			isa = XCConfigurationList;
			buildConfigurations = (
				C76F02912813C60F00096654 /* Debug */,
				C76F02922813C60F00096654 /* Release */,
			);
			defaultConfigurationIsVisible = 0;
			defaultConfigurationName = Release;
		};
		C76F02932813C60F00096654 /* Build configuration list for PBXNativeTarget "week-3-seminar" */ = {
			isa = XCConfigurationList;
			buildConfigurations = (
				C76F02942813C60F00096654 /* Debug */,
				C76F02952813C60F00096654 /* Release */,
			);
			defaultConfigurationIsVisible = 0;
			defaultConfigurationName = Release;
		};
/* End XCConfigurationList section */
	};
	rootObject = C76F02772813C60E00096654 /* Project object */;
}
