// !$*UTF8*$!
{
	archiveVersion = 1;
	classes = {
	};
	objectVersion = 55;
	objects = {

/* Begin PBXBuildFile section */
		C755F2362811C4CB00373B3E /* TextFieldShowBtn.swift in Sources */ = {isa = PBXBuildFile; fileRef = C755F2352811C4CB00373B3E /* TextFieldShowBtn.swift */; };
		C755F2392812DD1D00373B3E /* InstagramTBC.swift in Sources */ = {isa = PBXBuildFile; fileRef = C755F2382812DD1D00373B3E /* InstagramTBC.swift */; };
		C755F2402812DDB300373B3E /* HomeVC.swift in Sources */ = {isa = PBXBuildFile; fileRef = C755F23F2812DDB300373B3E /* HomeVC.swift */; };
		C755F2422812DDBD00373B3E /* SearchVC.swift in Sources */ = {isa = PBXBuildFile; fileRef = C755F2412812DDBD00373B3E /* SearchVC.swift */; };
		C755F2442812DDD100373B3E /* ReelsVC.swift in Sources */ = {isa = PBXBuildFile; fileRef = C755F2432812DDD100373B3E /* ReelsVC.swift */; };
		C755F2462812DDDE00373B3E /* ShopVC.swift in Sources */ = {isa = PBXBuildFile; fileRef = C755F2452812DDDE00373B3E /* ShopVC.swift */; };
		C755F2482812DDE800373B3E /* MypageVC.swift in Sources */ = {isa = PBXBuildFile; fileRef = C755F2472812DDE800373B3E /* MypageVC.swift */; };
		C76A61A128533E260071C5B6 /* TargetType.swift in Sources */ = {isa = PBXBuildFile; fileRef = C76A61A028533E260071C5B6 /* TargetType.swift */; };
		C76A61A328533E2D0071C5B6 /* NetworkResult.swift in Sources */ = {isa = PBXBuildFile; fileRef = C76A61A228533E2D0071C5B6 /* NetworkResult.swift */; };
		C76A61A528533E340071C5B6 /* APIConstants.swift in Sources */ = {isa = PBXBuildFile; fileRef = C76A61A428533E340071C5B6 /* APIConstants.swift */; };
		C76A61A728533E420071C5B6 /* GenericResponse.swift in Sources */ = {isa = PBXBuildFile; fileRef = C76A61A628533E420071C5B6 /* GenericResponse.swift */; };
		C76A61A928533E480071C5B6 /* NetworkConstants.swift in Sources */ = {isa = PBXBuildFile; fileRef = C76A61A828533E480071C5B6 /* NetworkConstants.swift */; };
		C76A61AB28533E4F0071C5B6 /* SignService.swift in Sources */ = {isa = PBXBuildFile; fileRef = C76A61AA28533E4F0071C5B6 /* SignService.swift */; };
		C76A61AD28533E570071C5B6 /* BaseAPI.swift in Sources */ = {isa = PBXBuildFile; fileRef = C76A61AC28533E570071C5B6 /* BaseAPI.swift */; };
		C76A61AF28533E5C0071C5B6 /* SignAPI.swift in Sources */ = {isa = PBXBuildFile; fileRef = C76A61AE28533E5C0071C5B6 /* SignAPI.swift */; };
		C76A61B128533E640071C5B6 /* EventLogger.swift in Sources */ = {isa = PBXBuildFile; fileRef = C76A61B028533E640071C5B6 /* EventLogger.swift */; };
		C76A61B4285340BA0071C5B6 /* Alamofire in Frameworks */ = {isa = PBXBuildFile; productRef = C76A61B3285340BA0071C5B6 /* Alamofire */; };
		C76A61B6285347250071C5B6 /* SignBodyModel.swift in Sources */ = {isa = PBXBuildFile; fileRef = C76A61B5285347250071C5B6 /* SignBodyModel.swift */; };
		C76A61B82853481A0071C5B6 /* SignUpDataModel.swift in Sources */ = {isa = PBXBuildFile; fileRef = C76A61B72853481A0071C5B6 /* SignUpDataModel.swift */; };
		C76A61BA285348270071C5B6 /* SignInDataModel.swift in Sources */ = {isa = PBXBuildFile; fileRef = C76A61B9285348270071C5B6 /* SignInDataModel.swift */; };
		C76A61BC2853615A0071C5B6 /* UIViewController+.swift in Sources */ = {isa = PBXBuildFile; fileRef = C76A61BB2853615A0071C5B6 /* UIViewController+.swift */; };
		C784C6252825608D00AB0A2A /* HomeNaviView.swift in Sources */ = {isa = PBXBuildFile; fileRef = C784C6242825608D00AB0A2A /* HomeNaviView.swift */; };
		C784C62928256D1400AB0A2A /* StoryCVC.swift in Sources */ = {isa = PBXBuildFile; fileRef = C784C62828256D1400AB0A2A /* StoryCVC.swift */; };
		C784C62B2825777500AB0A2A /* HomeStoryModel.swift in Sources */ = {isa = PBXBuildFile; fileRef = C784C62A2825777500AB0A2A /* HomeStoryModel.swift */; };
		C78C6DCA27FF32E400F95176 /* AppDelegate.swift in Sources */ = {isa = PBXBuildFile; fileRef = C78C6DC927FF32E400F95176 /* AppDelegate.swift */; };
		C78C6DCC27FF32E400F95176 /* SceneDelegate.swift in Sources */ = {isa = PBXBuildFile; fileRef = C78C6DCB27FF32E400F95176 /* SceneDelegate.swift */; };
		C78C6DD327FF32E500F95176 /* Assets.xcassets in Resources */ = {isa = PBXBuildFile; fileRef = C78C6DD227FF32E500F95176 /* Assets.xcassets */; };
		C78C6DD627FF32E500F95176 /* LaunchScreen.storyboard in Resources */ = {isa = PBXBuildFile; fileRef = C78C6DD427FF32E500F95176 /* LaunchScreen.storyboard */; };
		C78C6DDE2800834400F95176 /* SignInVC.swift in Sources */ = {isa = PBXBuildFile; fileRef = C78C6DDD2800834400F95176 /* SignInVC.swift */; };
		C78C6E02280155DB00F95176 /* BaseVC.swift in Sources */ = {isa = PBXBuildFile; fileRef = C78C6E01280155DB00F95176 /* BaseVC.swift */; };
		C7D8A534283168C1004CA3F9 /* FeedTVC.swift in Sources */ = {isa = PBXBuildFile; fileRef = C7D8A533283168C1004CA3F9 /* FeedTVC.swift */; };
		C7D8A5362832911E004CA3F9 /* FeedModel.swift in Sources */ = {isa = PBXBuildFile; fileRef = C7D8A5352832911E004CA3F9 /* FeedModel.swift */; };
		C7EFE4AE2801716000B2D3E0 /* SnapKit in Frameworks */ = {isa = PBXBuildFile; productRef = C7EFE4AD2801716000B2D3E0 /* SnapKit */; };
		C7EFE4B12801717300B2D3E0 /* Then in Frameworks */ = {isa = PBXBuildFile; productRef = C7EFE4B02801717300B2D3E0 /* Then */; };
		C7EFE4B52801DD8400B2D3E0 /* DefaultTextField.swift in Sources */ = {isa = PBXBuildFile; fileRef = C7EFE4B42801DD8400B2D3E0 /* DefaultTextField.swift */; };
		C7EFE4B82801DDB900B2D3E0 /* UITextField+.swift in Sources */ = {isa = PBXBuildFile; fileRef = C7EFE4B72801DDB900B2D3E0 /* UITextField+.swift */; };
		C7EFE4BA2801DF2200B2D3E0 /* UIView+.swift in Sources */ = {isa = PBXBuildFile; fileRef = C7EFE4B92801DF2200B2D3E0 /* UIView+.swift */; };
		C7EFE4BC2801E57600B2D3E0 /* UIButton+.swift in Sources */ = {isa = PBXBuildFile; fileRef = C7EFE4BB2801E57600B2D3E0 /* UIButton+.swift */; };
		C7EFE4BE2801E63D00B2D3E0 /* BlueBtnWithText.swift in Sources */ = {isa = PBXBuildFile; fileRef = C7EFE4BD2801E63D00B2D3E0 /* BlueBtnWithText.swift */; };
		C7EFE4C02801EF7F00B2D3E0 /* SignUpVC.swift in Sources */ = {isa = PBXBuildFile; fileRef = C7EFE4BF2801EF7F00B2D3E0 /* SignUpVC.swift */; };
		C7EFE4C92801F64600B2D3E0 /* BaseNC.swift in Sources */ = {isa = PBXBuildFile; fileRef = C7EFE4C82801F64600B2D3E0 /* BaseNC.swift */; };
		C7EFE4CC2801FD0400B2D3E0 /* WelcomeVC.swift in Sources */ = {isa = PBXBuildFile; fileRef = C7EFE4CB2801FD0400B2D3E0 /* WelcomeVC.swift */; };
/* End PBXBuildFile section */

/* Begin PBXFileReference section */
		C755F2352811C4CB00373B3E /* TextFieldShowBtn.swift */ = {isa = PBXFileReference; lastKnownFileType = sourcecode.swift; path = TextFieldShowBtn.swift; sourceTree = "<group>"; };
		C755F2382812DD1D00373B3E /* InstagramTBC.swift */ = {isa = PBXFileReference; lastKnownFileType = sourcecode.swift; path = InstagramTBC.swift; sourceTree = "<group>"; };
		C755F23F2812DDB300373B3E /* HomeVC.swift */ = {isa = PBXFileReference; lastKnownFileType = sourcecode.swift; path = HomeVC.swift; sourceTree = "<group>"; };
		C755F2412812DDBD00373B3E /* SearchVC.swift */ = {isa = PBXFileReference; lastKnownFileType = sourcecode.swift; path = SearchVC.swift; sourceTree = "<group>"; };
		C755F2432812DDD100373B3E /* ReelsVC.swift */ = {isa = PBXFileReference; lastKnownFileType = sourcecode.swift; path = ReelsVC.swift; sourceTree = "<group>"; };
		C755F2452812DDDE00373B3E /* ShopVC.swift */ = {isa = PBXFileReference; lastKnownFileType = sourcecode.swift; path = ShopVC.swift; sourceTree = "<group>"; };
		C755F2472812DDE800373B3E /* MypageVC.swift */ = {isa = PBXFileReference; lastKnownFileType = sourcecode.swift; path = MypageVC.swift; sourceTree = "<group>"; };
		C76A61A028533E260071C5B6 /* TargetType.swift */ = {isa = PBXFileReference; lastKnownFileType = sourcecode.swift; path = TargetType.swift; sourceTree = "<group>"; };
		C76A61A228533E2D0071C5B6 /* NetworkResult.swift */ = {isa = PBXFileReference; lastKnownFileType = sourcecode.swift; path = NetworkResult.swift; sourceTree = "<group>"; };
		C76A61A428533E340071C5B6 /* APIConstants.swift */ = {isa = PBXFileReference; lastKnownFileType = sourcecode.swift; path = APIConstants.swift; sourceTree = "<group>"; };
		C76A61A628533E420071C5B6 /* GenericResponse.swift */ = {isa = PBXFileReference; lastKnownFileType = sourcecode.swift; path = GenericResponse.swift; sourceTree = "<group>"; };
		C76A61A828533E480071C5B6 /* NetworkConstants.swift */ = {isa = PBXFileReference; lastKnownFileType = sourcecode.swift; path = NetworkConstants.swift; sourceTree = "<group>"; };
		C76A61AA28533E4F0071C5B6 /* SignService.swift */ = {isa = PBXFileReference; lastKnownFileType = sourcecode.swift; path = SignService.swift; sourceTree = "<group>"; };
		C76A61AC28533E570071C5B6 /* BaseAPI.swift */ = {isa = PBXFileReference; lastKnownFileType = sourcecode.swift; path = BaseAPI.swift; sourceTree = "<group>"; };
		C76A61AE28533E5C0071C5B6 /* SignAPI.swift */ = {isa = PBXFileReference; lastKnownFileType = sourcecode.swift; path = SignAPI.swift; sourceTree = "<group>"; };
		C76A61B028533E640071C5B6 /* EventLogger.swift */ = {isa = PBXFileReference; lastKnownFileType = sourcecode.swift; path = EventLogger.swift; sourceTree = "<group>"; };
		C76A61B5285347250071C5B6 /* SignBodyModel.swift */ = {isa = PBXFileReference; lastKnownFileType = sourcecode.swift; path = SignBodyModel.swift; sourceTree = "<group>"; };
		C76A61B72853481A0071C5B6 /* SignUpDataModel.swift */ = {isa = PBXFileReference; lastKnownFileType = sourcecode.swift; path = SignUpDataModel.swift; sourceTree = "<group>"; };
		C76A61B9285348270071C5B6 /* SignInDataModel.swift */ = {isa = PBXFileReference; lastKnownFileType = sourcecode.swift; path = SignInDataModel.swift; sourceTree = "<group>"; };
		C76A61BB2853615A0071C5B6 /* UIViewController+.swift */ = {isa = PBXFileReference; lastKnownFileType = sourcecode.swift; path = "UIViewController+.swift"; sourceTree = "<group>"; };
		C784C6242825608D00AB0A2A /* HomeNaviView.swift */ = {isa = PBXFileReference; lastKnownFileType = sourcecode.swift; path = HomeNaviView.swift; sourceTree = "<group>"; };
		C784C62828256D1400AB0A2A /* StoryCVC.swift */ = {isa = PBXFileReference; lastKnownFileType = sourcecode.swift; path = StoryCVC.swift; sourceTree = "<group>"; };
		C784C62A2825777500AB0A2A /* HomeStoryModel.swift */ = {isa = PBXFileReference; lastKnownFileType = sourcecode.swift; path = HomeStoryModel.swift; sourceTree = "<group>"; };
		C78C6DC627FF32E400F95176 /* Clone-Instagram.app */ = {isa = PBXFileReference; explicitFileType = wrapper.application; includeInIndex = 0; path = "Clone-Instagram.app"; sourceTree = BUILT_PRODUCTS_DIR; };
		C78C6DC927FF32E400F95176 /* AppDelegate.swift */ = {isa = PBXFileReference; lastKnownFileType = sourcecode.swift; path = AppDelegate.swift; sourceTree = "<group>"; };
		C78C6DCB27FF32E400F95176 /* SceneDelegate.swift */ = {isa = PBXFileReference; lastKnownFileType = sourcecode.swift; path = SceneDelegate.swift; sourceTree = "<group>"; };
		C78C6DD227FF32E500F95176 /* Assets.xcassets */ = {isa = PBXFileReference; lastKnownFileType = folder.assetcatalog; path = Assets.xcassets; sourceTree = "<group>"; };
		C78C6DD527FF32E500F95176 /* Base */ = {isa = PBXFileReference; lastKnownFileType = file.storyboard; name = Base; path = Base.lproj/LaunchScreen.storyboard; sourceTree = "<group>"; };
		C78C6DD727FF32E500F95176 /* Info.plist */ = {isa = PBXFileReference; lastKnownFileType = text.plist.xml; path = Info.plist; sourceTree = "<group>"; };
		C78C6DDD2800834400F95176 /* SignInVC.swift */ = {isa = PBXFileReference; lastKnownFileType = sourcecode.swift; path = SignInVC.swift; sourceTree = "<group>"; };
		C78C6E01280155DB00F95176 /* BaseVC.swift */ = {isa = PBXFileReference; lastKnownFileType = sourcecode.swift; path = BaseVC.swift; sourceTree = "<group>"; };
		C7D8A533283168C1004CA3F9 /* FeedTVC.swift */ = {isa = PBXFileReference; lastKnownFileType = sourcecode.swift; path = FeedTVC.swift; sourceTree = "<group>"; };
		C7D8A5352832911E004CA3F9 /* FeedModel.swift */ = {isa = PBXFileReference; lastKnownFileType = sourcecode.swift; path = FeedModel.swift; sourceTree = "<group>"; };
		C7EFE4B42801DD8400B2D3E0 /* DefaultTextField.swift */ = {isa = PBXFileReference; lastKnownFileType = sourcecode.swift; path = DefaultTextField.swift; sourceTree = "<group>"; };
		C7EFE4B72801DDB900B2D3E0 /* UITextField+.swift */ = {isa = PBXFileReference; lastKnownFileType = sourcecode.swift; path = "UITextField+.swift"; sourceTree = "<group>"; };
		C7EFE4B92801DF2200B2D3E0 /* UIView+.swift */ = {isa = PBXFileReference; lastKnownFileType = sourcecode.swift; path = "UIView+.swift"; sourceTree = "<group>"; };
		C7EFE4BB2801E57600B2D3E0 /* UIButton+.swift */ = {isa = PBXFileReference; lastKnownFileType = sourcecode.swift; path = "UIButton+.swift"; sourceTree = "<group>"; };
		C7EFE4BD2801E63D00B2D3E0 /* BlueBtnWithText.swift */ = {isa = PBXFileReference; lastKnownFileType = sourcecode.swift; path = BlueBtnWithText.swift; sourceTree = "<group>"; };
		C7EFE4BF2801EF7F00B2D3E0 /* SignUpVC.swift */ = {isa = PBXFileReference; lastKnownFileType = sourcecode.swift; path = SignUpVC.swift; sourceTree = "<group>"; };
		C7EFE4C82801F64600B2D3E0 /* BaseNC.swift */ = {isa = PBXFileReference; lastKnownFileType = sourcecode.swift; path = BaseNC.swift; sourceTree = "<group>"; };
		C7EFE4CB2801FD0400B2D3E0 /* WelcomeVC.swift */ = {isa = PBXFileReference; lastKnownFileType = sourcecode.swift; path = WelcomeVC.swift; sourceTree = "<group>"; };
/* End PBXFileReference section */

/* Begin PBXFrameworksBuildPhase section */
		C78C6DC327FF32E400F95176 /* Frameworks */ = {
			isa = PBXFrameworksBuildPhase;
			buildActionMask = 2147483647;
			files = (
				C76A61B4285340BA0071C5B6 /* Alamofire in Frameworks */,
				C7EFE4AE2801716000B2D3E0 /* SnapKit in Frameworks */,
				C7EFE4B12801717300B2D3E0 /* Then in Frameworks */,
			);
			runOnlyForDeploymentPostprocessing = 0;
		};
/* End PBXFrameworksBuildPhase section */

/* Begin PBXGroup section */
		C755F2372812DCF500373B3E /* InstagramTabBar */ = {
			isa = PBXGroup;
			children = (
				C755F2382812DD1D00373B3E /* InstagramTBC.swift */,
				C755F23A2812DD4F00373B3E /* Home */,
				C755F23B2812DD5600373B3E /* Search */,
				C755F23C2812DD5C00373B3E /* Reels */,
				C755F23D2812DD8200373B3E /* Shop */,
				C755F23E2812DD8700373B3E /* Mypage */,
			);
			path = InstagramTabBar;
			sourceTree = "<group>";
		};
		C755F23A2812DD4F00373B3E /* Home */ = {
			isa = PBXGroup;
			children = (
				C7D8A53728329127004CA3F9 /* Model */,
				C755F23F2812DDB300373B3E /* HomeVC.swift */,
				C784C6242825608D00AB0A2A /* HomeNaviView.swift */,
				C784C62828256D1400AB0A2A /* StoryCVC.swift */,
				C7D8A533283168C1004CA3F9 /* FeedTVC.swift */,
			);
			path = Home;
			sourceTree = "<group>";
		};
		C755F23B2812DD5600373B3E /* Search */ = {
			isa = PBXGroup;
			children = (
				C755F2412812DDBD00373B3E /* SearchVC.swift */,
			);
			path = Search;
			sourceTree = "<group>";
		};
		C755F23C2812DD5C00373B3E /* Reels */ = {
			isa = PBXGroup;
			children = (
				C755F2432812DDD100373B3E /* ReelsVC.swift */,
			);
			path = Reels;
			sourceTree = "<group>";
		};
		C755F23D2812DD8200373B3E /* Shop */ = {
			isa = PBXGroup;
			children = (
				C755F2452812DDDE00373B3E /* ShopVC.swift */,
			);
			path = Shop;
			sourceTree = "<group>";
		};
		C755F23E2812DD8700373B3E /* Mypage */ = {
			isa = PBXGroup;
			children = (
				C755F2472812DDE800373B3E /* MypageVC.swift */,
			);
			path = Mypage;
			sourceTree = "<group>";
		};
		C76A619B28533CE90071C5B6 /* Network */ = {
			isa = PBXGroup;
			children = (
				C76A619C28533CF20071C5B6 /* Bases */,
				C76A619D28533D9A0071C5B6 /* APIEssentials */,
				C76A619E28533DAE0071C5B6 /* Services */,
				C76A619F28533DB20071C5B6 /* APIManagers */,
				C76A61B028533E640071C5B6 /* EventLogger.swift */,
			);
			path = Network;
			sourceTree = "<group>";
		};
		C76A619C28533CF20071C5B6 /* Bases */ = {
			isa = PBXGroup;
			children = (
				C76A61A028533E260071C5B6 /* TargetType.swift */,
				C76A61A228533E2D0071C5B6 /* NetworkResult.swift */,
			);
			path = Bases;
			sourceTree = "<group>";
		};
		C76A619D28533D9A0071C5B6 /* APIEssentials */ = {
			isa = PBXGroup;
			children = (
				C76A61A428533E340071C5B6 /* APIConstants.swift */,
				C76A61A628533E420071C5B6 /* GenericResponse.swift */,
				C76A61A828533E480071C5B6 /* NetworkConstants.swift */,
			);
			path = APIEssentials;
			sourceTree = "<group>";
		};
		C76A619E28533DAE0071C5B6 /* Services */ = {
			isa = PBXGroup;
			children = (
				C76A61AA28533E4F0071C5B6 /* SignService.swift */,
			);
			path = Services;
			sourceTree = "<group>";
		};
		C76A619F28533DB20071C5B6 /* APIManagers */ = {
			isa = PBXGroup;
			children = (
				C76A61AC28533E570071C5B6 /* BaseAPI.swift */,
				C76A61AE28533E5C0071C5B6 /* SignAPI.swift */,
			);
			path = APIManagers;
			sourceTree = "<group>";
		};
		C78C6DBD27FF32E400F95176 = {
			isa = PBXGroup;
			children = (
				C78C6DC827FF32E400F95176 /* Clone-Instagram */,
				C78C6DC727FF32E400F95176 /* Products */,
			);
			sourceTree = "<group>";
		};
		C78C6DC727FF32E400F95176 /* Products */ = {
			isa = PBXGroup;
			children = (
				C78C6DC627FF32E400F95176 /* Clone-Instagram.app */,
			);
			name = Products;
			sourceTree = "<group>";
		};
		C78C6DC827FF32E400F95176 /* Clone-Instagram */ = {
			isa = PBXGroup;
			children = (
				C76A619B28533CE90071C5B6 /* Network */,
				C7EFE4B62801DD9800B2D3E0 /* Extension */,
				C7EFE4B32801DD3E00B2D3E0 /* Component */,
				C78C6E00280155CB00F95176 /* Base */,
				C7EFE4B2280189EA00B2D3E0 /* Scene */,
				C78C6DC927FF32E400F95176 /* AppDelegate.swift */,
				C78C6DCB27FF32E400F95176 /* SceneDelegate.swift */,
				C78C6DD227FF32E500F95176 /* Assets.xcassets */,
				C78C6DD427FF32E500F95176 /* LaunchScreen.storyboard */,
				C78C6DD727FF32E500F95176 /* Info.plist */,
			);
			path = "Clone-Instagram";
			sourceTree = "<group>";
		};
		C78C6E00280155CB00F95176 /* Base */ = {
			isa = PBXGroup;
			children = (
				C78C6E01280155DB00F95176 /* BaseVC.swift */,
				C7EFE4C82801F64600B2D3E0 /* BaseNC.swift */,
			);
			path = Base;
			sourceTree = "<group>";
		};
		C7D8A53728329127004CA3F9 /* Model */ = {
			isa = PBXGroup;
			children = (
				C784C62A2825777500AB0A2A /* HomeStoryModel.swift */,
				C7D8A5352832911E004CA3F9 /* FeedModel.swift */,
			);
			path = Model;
			sourceTree = "<group>";
		};
		C7EFE4B2280189EA00B2D3E0 /* Scene */ = {
			isa = PBXGroup;
			children = (
				C755F2372812DCF500373B3E /* InstagramTabBar */,
				C7EFE4CA2801FCF300B2D3E0 /* Welcome */,
				C7EFE4C22801EFF200B2D3E0 /* SignIn */,
				C7EFE4C32801EFF700B2D3E0 /* SignUp */,
			);
			path = Scene;
			sourceTree = "<group>";
		};
		C7EFE4B32801DD3E00B2D3E0 /* Component */ = {
			isa = PBXGroup;
			children = (
				C7EFE4B42801DD8400B2D3E0 /* DefaultTextField.swift */,
				C7EFE4BD2801E63D00B2D3E0 /* BlueBtnWithText.swift */,
				C755F2352811C4CB00373B3E /* TextFieldShowBtn.swift */,
			);
			path = Component;
			sourceTree = "<group>";
		};
		C7EFE4B62801DD9800B2D3E0 /* Extension */ = {
			isa = PBXGroup;
			children = (
				C7EFE4B72801DDB900B2D3E0 /* UITextField+.swift */,
				C7EFE4B92801DF2200B2D3E0 /* UIView+.swift */,
				C7EFE4BB2801E57600B2D3E0 /* UIButton+.swift */,
				C76A61BB2853615A0071C5B6 /* UIViewController+.swift */,
			);
			path = Extension;
			sourceTree = "<group>";
		};
		C7EFE4C22801EFF200B2D3E0 /* SignIn */ = {
			isa = PBXGroup;
			children = (
				C78C6DDD2800834400F95176 /* SignInVC.swift */,
				C76A61B9285348270071C5B6 /* SignInDataModel.swift */,
			);
			path = SignIn;
			sourceTree = "<group>";
		};
		C7EFE4C32801EFF700B2D3E0 /* SignUp */ = {
			isa = PBXGroup;
			children = (
				C76A61B5285347250071C5B6 /* SignBodyModel.swift */,
				C7EFE4BF2801EF7F00B2D3E0 /* SignUpVC.swift */,
				C76A61B72853481A0071C5B6 /* SignUpDataModel.swift */,
			);
			path = SignUp;
			sourceTree = "<group>";
		};
		C7EFE4CA2801FCF300B2D3E0 /* Welcome */ = {
			isa = PBXGroup;
			children = (
				C7EFE4CB2801FD0400B2D3E0 /* WelcomeVC.swift */,
			);
			path = Welcome;
			sourceTree = "<group>";
		};
/* End PBXGroup section */

/* Begin PBXNativeTarget section */
		C78C6DC527FF32E400F95176 /* Clone-Instagram */ = {
			isa = PBXNativeTarget;
			buildConfigurationList = C78C6DDA27FF32E500F95176 /* Build configuration list for PBXNativeTarget "Clone-Instagram" */;
			buildPhases = (
				C78C6DC227FF32E400F95176 /* Sources */,
				C78C6DC327FF32E400F95176 /* Frameworks */,
				C78C6DC427FF32E400F95176 /* Resources */,
			);
			buildRules = (
			);
			dependencies = (
			);
			name = "Clone-Instagram";
			packageProductDependencies = (
				C7EFE4AD2801716000B2D3E0 /* SnapKit */,
				C7EFE4B02801717300B2D3E0 /* Then */,
				C76A61B3285340BA0071C5B6 /* Alamofire */,
			);
			productName = "Clone-Instagram";
			productReference = C78C6DC627FF32E400F95176 /* Clone-Instagram.app */;
			productType = "com.apple.product-type.application";
		};
/* End PBXNativeTarget section */

/* Begin PBXProject section */
		C78C6DBE27FF32E400F95176 /* Project object */ = {
			isa = PBXProject;
			attributes = {
				BuildIndependentTargetsInParallel = 1;
				LastSwiftUpdateCheck = 1330;
				LastUpgradeCheck = 1330;
				TargetAttributes = {
					C78C6DC527FF32E400F95176 = {
						CreatedOnToolsVersion = 13.3;
					};
				};
			};
			buildConfigurationList = C78C6DC127FF32E400F95176 /* Build configuration list for PBXProject "Clone-Instagram" */;
			compatibilityVersion = "Xcode 13.0";
			developmentRegion = en;
			hasScannedForEncodings = 0;
			knownRegions = (
				en,
				Base,
			);
			mainGroup = C78C6DBD27FF32E400F95176;
			packageReferences = (
				C7EFE4AC2801716000B2D3E0 /* XCRemoteSwiftPackageReference "SnapKit" */,
				C7EFE4AF2801717300B2D3E0 /* XCRemoteSwiftPackageReference "Then" */,
				C76A61B2285340BA0071C5B6 /* XCRemoteSwiftPackageReference "Alamofire" */,
			);
			productRefGroup = C78C6DC727FF32E400F95176 /* Products */;
			projectDirPath = "";
			projectRoot = "";
			targets = (
				C78C6DC527FF32E400F95176 /* Clone-Instagram */,
			);
		};
/* End PBXProject section */

/* Begin PBXResourcesBuildPhase section */
		C78C6DC427FF32E400F95176 /* Resources */ = {
			isa = PBXResourcesBuildPhase;
			buildActionMask = 2147483647;
			files = (
				C78C6DD627FF32E500F95176 /* LaunchScreen.storyboard in Resources */,
				C78C6DD327FF32E500F95176 /* Assets.xcassets in Resources */,
			);
			runOnlyForDeploymentPostprocessing = 0;
		};
/* End PBXResourcesBuildPhase section */

/* Begin PBXSourcesBuildPhase section */
		C78C6DC227FF32E400F95176 /* Sources */ = {
			isa = PBXSourcesBuildPhase;
			buildActionMask = 2147483647;
			files = (
				C76A61A928533E480071C5B6 /* NetworkConstants.swift in Sources */,
				C76A61A128533E260071C5B6 /* TargetType.swift in Sources */,
				C76A61B128533E640071C5B6 /* EventLogger.swift in Sources */,
				C78C6DCA27FF32E400F95176 /* AppDelegate.swift in Sources */,
				C76A61B82853481A0071C5B6 /* SignUpDataModel.swift in Sources */,
				C78C6DDE2800834400F95176 /* SignInVC.swift in Sources */,
				C7EFE4BA2801DF2200B2D3E0 /* UIView+.swift in Sources */,
				C7EFE4CC2801FD0400B2D3E0 /* WelcomeVC.swift in Sources */,
				C755F2462812DDDE00373B3E /* ShopVC.swift in Sources */,
				C78C6DCC27FF32E400F95176 /* SceneDelegate.swift in Sources */,
				C7EFE4B82801DDB900B2D3E0 /* UITextField+.swift in Sources */,
				C7D8A5362832911E004CA3F9 /* FeedModel.swift in Sources */,
				C755F2402812DDB300373B3E /* HomeVC.swift in Sources */,
				C76A61AF28533E5C0071C5B6 /* SignAPI.swift in Sources */,
				C784C62928256D1400AB0A2A /* StoryCVC.swift in Sources */,
				C755F2482812DDE800373B3E /* MypageVC.swift in Sources */,
				C755F2442812DDD100373B3E /* ReelsVC.swift in Sources */,
				C7D8A534283168C1004CA3F9 /* FeedTVC.swift in Sources */,
				C76A61AD28533E570071C5B6 /* BaseAPI.swift in Sources */,
				C7EFE4B52801DD8400B2D3E0 /* DefaultTextField.swift in Sources */,
				C755F2422812DDBD00373B3E /* SearchVC.swift in Sources */,
				C7EFE4BE2801E63D00B2D3E0 /* BlueBtnWithText.swift in Sources */,
				C78C6E02280155DB00F95176 /* BaseVC.swift in Sources */,
				C76A61BC2853615A0071C5B6 /* UIViewController+.swift in Sources */,
				C755F2362811C4CB00373B3E /* TextFieldShowBtn.swift in Sources */,
				C76A61A328533E2D0071C5B6 /* NetworkResult.swift in Sources */,
				C76A61A728533E420071C5B6 /* GenericResponse.swift in Sources */,
				C76A61B6285347250071C5B6 /* SignBodyModel.swift in Sources */,
				C784C6252825608D00AB0A2A /* HomeNaviView.swift in Sources */,
				C755F2392812DD1D00373B3E /* InstagramTBC.swift in Sources */,
				C76A61AB28533E4F0071C5B6 /* SignService.swift in Sources */,
				C784C62B2825777500AB0A2A /* HomeStoryModel.swift in Sources */,
				C76A61BA285348270071C5B6 /* SignInDataModel.swift in Sources */,
				C76A61A528533E340071C5B6 /* APIConstants.swift in Sources */,
				C7EFE4C92801F64600B2D3E0 /* BaseNC.swift in Sources */,
				C7EFE4C02801EF7F00B2D3E0 /* SignUpVC.swift in Sources */,
				C7EFE4BC2801E57600B2D3E0 /* UIButton+.swift in Sources */,
			);
			runOnlyForDeploymentPostprocessing = 0;
		};
/* End PBXSourcesBuildPhase section */

/* Begin PBXVariantGroup section */
		C78C6DD427FF32E500F95176 /* LaunchScreen.storyboard */ = {
			isa = PBXVariantGroup;
			children = (
				C78C6DD527FF32E500F95176 /* Base */,
			);
			name = LaunchScreen.storyboard;
			sourceTree = "<group>";
		};
/* End PBXVariantGroup section */

/* Begin XCBuildConfiguration section */
		C78C6DD827FF32E500F95176 /* Debug */ = {
			isa = XCBuildConfiguration;
			buildSettings = {
				ALWAYS_SEARCH_USER_PATHS = NO;
				CLANG_ANALYZER_NONNULL = YES;
				CLANG_ANALYZER_NUMBER_OBJECT_CONVERSION = YES_AGGRESSIVE;
				CLANG_CXX_LANGUAGE_STANDARD = "gnu++17";
				CLANG_ENABLE_MODULES = YES;
				CLANG_ENABLE_OBJC_ARC = YES;
				CLANG_ENABLE_OBJC_WEAK = YES;
				CLANG_WARN_BLOCK_CAPTURE_AUTORELEASING = YES;
				CLANG_WARN_BOOL_CONVERSION = YES;
				CLANG_WARN_COMMA = YES;
				CLANG_WARN_CONSTANT_CONVERSION = YES;
				CLANG_WARN_DEPRECATED_OBJC_IMPLEMENTATIONS = YES;
				CLANG_WARN_DIRECT_OBJC_ISA_USAGE = YES_ERROR;
				CLANG_WARN_DOCUMENTATION_COMMENTS = YES;
				CLANG_WARN_EMPTY_BODY = YES;
				CLANG_WARN_ENUM_CONVERSION = YES;
				CLANG_WARN_INFINITE_RECURSION = YES;
				CLANG_WARN_INT_CONVERSION = YES;
				CLANG_WARN_NON_LITERAL_NULL_CONVERSION = YES;
				CLANG_WARN_OBJC_IMPLICIT_RETAIN_SELF = YES;
				CLANG_WARN_OBJC_LITERAL_CONVERSION = YES;
				CLANG_WARN_OBJC_ROOT_CLASS = YES_ERROR;
				CLANG_WARN_QUOTED_INCLUDE_IN_FRAMEWORK_HEADER = YES;
				CLANG_WARN_RANGE_LOOP_ANALYSIS = YES;
				CLANG_WARN_STRICT_PROTOTYPES = YES;
				CLANG_WARN_SUSPICIOUS_MOVE = YES;
				CLANG_WARN_UNGUARDED_AVAILABILITY = YES_AGGRESSIVE;
				CLANG_WARN_UNREACHABLE_CODE = YES;
				CLANG_WARN__DUPLICATE_METHOD_MATCH = YES;
				COPY_PHASE_STRIP = NO;
				DEBUG_INFORMATION_FORMAT = dwarf;
				ENABLE_STRICT_OBJC_MSGSEND = YES;
				ENABLE_TESTABILITY = YES;
				GCC_C_LANGUAGE_STANDARD = gnu11;
				GCC_DYNAMIC_NO_PIC = NO;
				GCC_NO_COMMON_BLOCKS = YES;
				GCC_OPTIMIZATION_LEVEL = 0;
				GCC_PREPROCESSOR_DEFINITIONS = (
					"DEBUG=1",
					"$(inherited)",
				);
				GCC_WARN_64_TO_32_BIT_CONVERSION = YES;
				GCC_WARN_ABOUT_RETURN_TYPE = YES_ERROR;
				GCC_WARN_UNDECLARED_SELECTOR = YES;
				GCC_WARN_UNINITIALIZED_AUTOS = YES_AGGRESSIVE;
				GCC_WARN_UNUSED_FUNCTION = YES;
				GCC_WARN_UNUSED_VARIABLE = YES;
				IPHONEOS_DEPLOYMENT_TARGET = 15.4;
				MTL_ENABLE_DEBUG_INFO = INCLUDE_SOURCE;
				MTL_FAST_MATH = YES;
				ONLY_ACTIVE_ARCH = YES;
				SDKROOT = iphoneos;
				SWIFT_ACTIVE_COMPILATION_CONDITIONS = DEBUG;
				SWIFT_OPTIMIZATION_LEVEL = "-Onone";
			};
			name = Debug;
		};
		C78C6DD927FF32E500F95176 /* Release */ = {
			isa = XCBuildConfiguration;
			buildSettings = {
				ALWAYS_SEARCH_USER_PATHS = NO;
				CLANG_ANALYZER_NONNULL = YES;
				CLANG_ANALYZER_NUMBER_OBJECT_CONVERSION = YES_AGGRESSIVE;
				CLANG_CXX_LANGUAGE_STANDARD = "gnu++17";
				CLANG_ENABLE_MODULES = YES;
				CLANG_ENABLE_OBJC_ARC = YES;
				CLANG_ENABLE_OBJC_WEAK = YES;
				CLANG_WARN_BLOCK_CAPTURE_AUTORELEASING = YES;
				CLANG_WARN_BOOL_CONVERSION = YES;
				CLANG_WARN_COMMA = YES;
				CLANG_WARN_CONSTANT_CONVERSION = YES;
				CLANG_WARN_DEPRECATED_OBJC_IMPLEMENTATIONS = YES;
				CLANG_WARN_DIRECT_OBJC_ISA_USAGE = YES_ERROR;
				CLANG_WARN_DOCUMENTATION_COMMENTS = YES;
				CLANG_WARN_EMPTY_BODY = YES;
				CLANG_WARN_ENUM_CONVERSION = YES;
				CLANG_WARN_INFINITE_RECURSION = YES;
				CLANG_WARN_INT_CONVERSION = YES;
				CLANG_WARN_NON_LITERAL_NULL_CONVERSION = YES;
				CLANG_WARN_OBJC_IMPLICIT_RETAIN_SELF = YES;
				CLANG_WARN_OBJC_LITERAL_CONVERSION = YES;
				CLANG_WARN_OBJC_ROOT_CLASS = YES_ERROR;
				CLANG_WARN_QUOTED_INCLUDE_IN_FRAMEWORK_HEADER = YES;
				CLANG_WARN_RANGE_LOOP_ANALYSIS = YES;
				CLANG_WARN_STRICT_PROTOTYPES = YES;
				CLANG_WARN_SUSPICIOUS_MOVE = YES;
				CLANG_WARN_UNGUARDED_AVAILABILITY = YES_AGGRESSIVE;
				CLANG_WARN_UNREACHABLE_CODE = YES;
				CLANG_WARN__DUPLICATE_METHOD_MATCH = YES;
				COPY_PHASE_STRIP = NO;
				DEBUG_INFORMATION_FORMAT = "dwarf-with-dsym";
				ENABLE_NS_ASSERTIONS = NO;
				ENABLE_STRICT_OBJC_MSGSEND = YES;
				GCC_C_LANGUAGE_STANDARD = gnu11;
				GCC_NO_COMMON_BLOCKS = YES;
				GCC_WARN_64_TO_32_BIT_CONVERSION = YES;
				GCC_WARN_ABOUT_RETURN_TYPE = YES_ERROR;
				GCC_WARN_UNDECLARED_SELECTOR = YES;
				GCC_WARN_UNINITIALIZED_AUTOS = YES_AGGRESSIVE;
				GCC_WARN_UNUSED_FUNCTION = YES;
				GCC_WARN_UNUSED_VARIABLE = YES;
				IPHONEOS_DEPLOYMENT_TARGET = 15.4;
				MTL_ENABLE_DEBUG_INFO = NO;
				MTL_FAST_MATH = YES;
				SDKROOT = iphoneos;
				SWIFT_COMPILATION_MODE = wholemodule;
				SWIFT_OPTIMIZATION_LEVEL = "-O";
				VALIDATE_PRODUCT = YES;
			};
			name = Release;
		};
		C78C6DDB27FF32E500F95176 /* Debug */ = {
			isa = XCBuildConfiguration;
			buildSettings = {
				ASSETCATALOG_COMPILER_APPICON_NAME = AppIcon;
				ASSETCATALOG_COMPILER_GLOBAL_ACCENT_COLOR_NAME = AccentColor;
				CODE_SIGN_STYLE = Automatic;
				CURRENT_PROJECT_VERSION = 1;
				DEVELOPMENT_TEAM = N4RT4KGQK9;
				GENERATE_INFOPLIST_FILE = YES;
				INFOPLIST_FILE = "Clone-Instagram/Info.plist";
				INFOPLIST_KEY_UIApplicationSupportsIndirectInputEvents = YES;
				INFOPLIST_KEY_UILaunchStoryboardName = LaunchScreen;
				INFOPLIST_KEY_UISupportedInterfaceOrientations_iPad = "UIInterfaceOrientationPortrait UIInterfaceOrientationPortraitUpsideDown UIInterfaceOrientationLandscapeLeft UIInterfaceOrientationLandscapeRight";
				INFOPLIST_KEY_UISupportedInterfaceOrientations_iPhone = "UIInterfaceOrientationPortrait UIInterfaceOrientationLandscapeLeft UIInterfaceOrientationLandscapeRight";
				LD_RUNPATH_SEARCH_PATHS = (
					"$(inherited)",
					"@executable_path/Frameworks",
				);
				MARKETING_VERSION = 1.0;
				PRODUCT_BUNDLE_IDENTIFIER = "madilyn.Clone-Instagram";
				PRODUCT_NAME = "$(TARGET_NAME)";
				SWIFT_EMIT_LOC_STRINGS = YES;
				SWIFT_VERSION = 5.0;
				TARGETED_DEVICE_FAMILY = "1,2";
			};
			name = Debug;
		};
		C78C6DDC27FF32E500F95176 /* Release */ = {
			isa = XCBuildConfiguration;
			buildSettings = {
				ASSETCATALOG_COMPILER_APPICON_NAME = AppIcon;
				ASSETCATALOG_COMPILER_GLOBAL_ACCENT_COLOR_NAME = AccentColor;
				CODE_SIGN_STYLE = Automatic;
				CURRENT_PROJECT_VERSION = 1;
				DEVELOPMENT_TEAM = N4RT4KGQK9;
				GENERATE_INFOPLIST_FILE = YES;
				INFOPLIST_FILE = "Clone-Instagram/Info.plist";
				INFOPLIST_KEY_UIApplicationSupportsIndirectInputEvents = YES;
				INFOPLIST_KEY_UILaunchStoryboardName = LaunchScreen;
				INFOPLIST_KEY_UISupportedInterfaceOrientations_iPad = "UIInterfaceOrientationPortrait UIInterfaceOrientationPortraitUpsideDown UIInterfaceOrientationLandscapeLeft UIInterfaceOrientationLandscapeRight";
				INFOPLIST_KEY_UISupportedInterfaceOrientations_iPhone = "UIInterfaceOrientationPortrait UIInterfaceOrientationLandscapeLeft UIInterfaceOrientationLandscapeRight";
				LD_RUNPATH_SEARCH_PATHS = (
					"$(inherited)",
					"@executable_path/Frameworks",
				);
				MARKETING_VERSION = 1.0;
				PRODUCT_BUNDLE_IDENTIFIER = "madilyn.Clone-Instagram";
				PRODUCT_NAME = "$(TARGET_NAME)";
				SWIFT_EMIT_LOC_STRINGS = YES;
				SWIFT_VERSION = 5.0;
				TARGETED_DEVICE_FAMILY = "1,2";
			};
			name = Release;
		};
/* End XCBuildConfiguration section */

/* Begin XCConfigurationList section */
		C78C6DC127FF32E400F95176 /* Build configuration list for PBXProject "Clone-Instagram" */ = {
			isa = XCConfigurationList;
			buildConfigurations = (
				C78C6DD827FF32E500F95176 /* Debug */,
				C78C6DD927FF32E500F95176 /* Release */,
			);
			defaultConfigurationIsVisible = 0;
			defaultConfigurationName = Release;
		};
		C78C6DDA27FF32E500F95176 /* Build configuration list for PBXNativeTarget "Clone-Instagram" */ = {
			isa = XCConfigurationList;
			buildConfigurations = (
				C78C6DDB27FF32E500F95176 /* Debug */,
				C78C6DDC27FF32E500F95176 /* Release */,
			);
			defaultConfigurationIsVisible = 0;
			defaultConfigurationName = Release;
		};
/* End XCConfigurationList section */

/* Begin XCRemoteSwiftPackageReference section */
		C76A61B2285340BA0071C5B6 /* XCRemoteSwiftPackageReference "Alamofire" */ = {
			isa = XCRemoteSwiftPackageReference;
			repositoryURL = "https://github.com/Alamofire/Alamofire.git";
			requirement = {
				branch = master;
				kind = branch;
			};
		};
		C7EFE4AC2801716000B2D3E0 /* XCRemoteSwiftPackageReference "SnapKit" */ = {
			isa = XCRemoteSwiftPackageReference;
			repositoryURL = "https://github.com/SnapKit/SnapKit.git";
			requirement = {
				kind = upToNextMajorVersion;
				minimumVersion = 5.0.0;
			};
		};
		C7EFE4AF2801717300B2D3E0 /* XCRemoteSwiftPackageReference "Then" */ = {
			isa = XCRemoteSwiftPackageReference;
			repositoryURL = "https://github.com/devxoul/Then";
			requirement = {
				kind = upToNextMajorVersion;
				minimumVersion = 2.0.0;
			};
		};
/* End XCRemoteSwiftPackageReference section */

/* Begin XCSwiftPackageProductDependency section */
		C76A61B3285340BA0071C5B6 /* Alamofire */ = {
			isa = XCSwiftPackageProductDependency;
			package = C76A61B2285340BA0071C5B6 /* XCRemoteSwiftPackageReference "Alamofire" */;
			productName = Alamofire;
		};
		C7EFE4AD2801716000B2D3E0 /* SnapKit */ = {
			isa = XCSwiftPackageProductDependency;
			package = C7EFE4AC2801716000B2D3E0 /* XCRemoteSwiftPackageReference "SnapKit" */;
			productName = SnapKit;
		};
		C7EFE4B02801717300B2D3E0 /* Then */ = {
			isa = XCSwiftPackageProductDependency;
			package = C7EFE4AF2801717300B2D3E0 /* XCRemoteSwiftPackageReference "Then" */;
			productName = Then;
		};
/* End XCSwiftPackageProductDependency section */
	};
	rootObject = C78C6DBE27FF32E400F95176 /* Project object */;
}
